
Microsoft Visual Studio Solution File, Format Version 12.00
# Visual Studio Version 17
VisualStudioVersion = 17.11.35431.28
MinimumVisualStudioVersion = 10.0.40219.1
Project("{FAE04EC0-301F-11D3-BF4B-00C04F79EFBC}") = "FIAP.IRRIGACAO.API", "FIAP.IRRIGACAO.API\FIAP.IRRIGACAO.API.csproj", "{936AEA28-6863-42D7-AEAC-42B163DD9C31}"
EndProject
Global
	GlobalSection(SolutionConfigurationPlatforms) = preSolution
		Debug|Any CPU = Debug|Any CPU
		Release|Any CPU = Release|Any CPU
	EndGlobalSection
	GlobalSection(ProjectConfigurationPlatforms) = postSolution
		{936AEA28-6863-42D7-AEAC-42B163DD9C31}.Debug|Any CPU.ActiveCfg = Debug|Any CPU
		{936AEA28-6863-42D7-AEAC-42B163DD9C31}.Debug|Any CPU.Build.0 = Debug|Any CPU
		{936AEA28-6863-42D7-AEAC-42B163DD9C31}.Release|Any CPU.ActiveCfg = Release|Any CPU
		{936AEA28-6863-42D7-AEAC-42B163DD9C31}.Release|Any CPU.Build.0 = Release|Any CPU
	EndGlobalSection
	GlobalSection(SolutionProperties) = preSolution
		HideSolutionNode = FALSE
	EndGlobalSection
	GlobalSection(ExtensibilityGlobals) = postSolution
		SolutionGuid = {5FF54AD6-1F47-43FC-A30D-BDA194AD34E0}
	EndGlobalSection
EndGlobal
